
Microsoft Visual Studio Solution File, Format Version 12.00
# Visual Studio Version 17
VisualStudioVersion = 17.6.33815.320
MinimumVisualStudioVersion = 10.0.40219.1
Project("{8BC9CEB8-8B4A-11D0-8D11-00A0C91BC942}") = "Project_1", "Project_1\Project_1.vcxproj", "{70A154E9-0C84-4208-AC4E-3B12D560D3DA}"
EndProject
Project("{8BC9CEB8-8B4A-11D0-8D11-00A0C91BC942}") = "Project_2", "Project_2\Project_2.vcxproj", "{11212793-565D-4D9E-B9FD-7FA96C7E6C3A}"
EndProject
Global
	GlobalSection(SolutionConfigurationPlatforms) = preSolution
		Debug|x64 = Debug|x64
		Debug|x86 = Debug|x86
		Release|x64 = Release|x64
		Release|x86 = Release|x86
	EndGlobalSection
	GlobalSection(ProjectConfigurationPlatforms) = postSolution
		{70A154E9-0C84-4208-AC4E-3B12D560D3DA}.Debug|x64.ActiveCfg = Debug|x64
		{70A154E9-0C84-4208-AC4E-3B12D560D3DA}.Debug|x64.Build.0 = Debug|x64
		{70A154E9-0C84-4208-AC4E-3B12D560D3DA}.Debug|x86.ActiveCfg = Debug|Win32
		{70A154E9-0C84-4208-AC4E-3B12D560D3DA}.Debug|x86.Build.0 = Debug|Win32
		{70A154E9-0C84-4208-AC4E-3B12D560D3DA}.Release|x64.ActiveCfg = Release|x64
		{70A154E9-0C84-4208-AC4E-3B12D560D3DA}.Release|x64.Build.0 = Release|x64
		{70A154E9-0C84-4208-AC4E-3B12D560D3DA}.Release|x86.ActiveCfg = Release|Win32
		{70A154E9-0C84-4208-AC4E-3B12D560D3DA}.Release|x86.Build.0 = Release|Win32
		{11212793-565D-4D9E-B9FD-7FA96C7E6C3A}.Debug|x64.ActiveCfg = Debug|x64
		{11212793-565D-4D9E-B9FD-7FA96C7E6C3A}.Debug|x64.Build.0 = Debug|x64
		{11212793-565D-4D9E-B9FD-7FA96C7E6C3A}.Debug|x86.ActiveCfg = Debug|Win32
		{11212793-565D-4D9E-B9FD-7FA96C7E6C3A}.Debug|x86.Build.0 = Debug|Win32
		{11212793-565D-4D9E-B9FD-7FA96C7E6C3A}.Release|x64.ActiveCfg = Release|x64
		{11212793-565D-4D9E-B9FD-7FA96C7E6C3A}.Release|x64.Build.0 = Release|x64
		{11212793-565D-4D9E-B9FD-7FA96C7E6C3A}.Release|x86.ActiveCfg = Release|Win32
		{11212793-565D-4D9E-B9FD-7FA96C7E6C3A}.Release|x86.Build.0 = Release|Win32
	EndGlobalSection
	GlobalSection(SolutionProperties) = preSolution
		HideSolutionNode = FALSE
	EndGlobalSection
	GlobalSection(ExtensibilityGlobals) = postSolution
		SolutionGuid = {D873DDF1-58C5-473B-B800-1D513B380179}
	EndGlobalSection
EndGlobal
